{
    "name": "lanzou-2024.5.3",
    "version": "1.0.0",
    "lockfileVersion": 3,
    "requires": true,
    "packages": {
        "": {
            "name": "lanzou-2024.5.3",
            "version": "1.0.0",
            "license": "ISC",
            "dependencies": {
                "vanjs-core": "^1.5.0"
            }
        },
        "node_modules/vanjs-core": {
            "version": "1.5.0",
            "resolved": "https://registry.npmjs.org/vanjs-core/-/vanjs-core-1.5.0.tgz",
            "integrity": "sha512-kOM9XVOciL9Q3Ihn3ruycTL5NCvuR5Ub7wwQIU9sZJdMBWSxesbeyN3+PWceLz57ImgHTF0eOVvhkoKJLlE3hw=="
        }
    }
}
